// !$*UTF8*$!
{
	archiveVersion = 1;
	classes = {
	};
	objectVersion = 77;
	objects = {

/* Begin PBXContainerItemProxy section */
		F06CC4602D72FB0300192857 /* PBXContainerItemProxy */ = {
			isa = PBXContainerItemProxy;
			containerPortal = F06CC4472D72FB0200192857 /* Project object */;
			proxyType = 1;
			remoteGlobalIDString = F06CC44E2D72FB0200192857;
			remoteInfo = DietDice_v2;
		};
		F06CC46A2D72FB0300192857 /* PBXContainerItemProxy */ = {
			isa = PBXContainerItemProxy;
			containerPortal = F06CC4472D72FB0200192857 /* Project object */;
			proxyType = 1;
			remoteGlobalIDString = F06CC44E2D72FB0200192857;
			remoteInfo = DietDice_v2;
		};
/* End PBXContainerItemProxy section */

/* Begin PBXFileReference section */
		F06CC44F2D72FB0200192857 /* DietDice_v2.app */ = {isa = PBXFileReference; explicitFileType = wrapper.application; includeInIndex = 0; path = DietDice_v2.app; sourceTree = BUILT_PRODUCTS_DIR; };
		F06CC45F2D72FB0300192857 /* DietDice_v2Tests.xctest */ = {isa = PBXFileReference; explicitFileType = wrapper.cfbundle; includeInIndex = 0; path = DietDice_v2Tests.xctest; sourceTree = BUILT_PRODUCTS_DIR; };
		F06CC4692D72FB0300192857 /* DietDice_v2UITests.xctest */ = {isa = PBXFileReference; explicitFileType = wrapper.cfbundle; includeInIndex = 0; path = DietDice_v2UITests.xctest; sourceTree = BUILT_PRODUCTS_DIR; };
/* End PBXFileReference section */

/* Begin PBXFileSystemSynchronizedRootGroup section */
		F06CC4512D72FB0200192857 /* DietDice_v2 */ = {
			isa = PBXFileSystemSynchronizedRootGroup;
			path = DietDice_v2;
			sourceTree = "<group>";
		};
		F06CC4622D72FB0300192857 /* DietDice_v2Tests */ = {
			isa = PBXFileSystemSynchronizedRootGroup;
			path = DietDice_v2Tests;
			sourceTree = "<group>";
		};
		F06CC46C2D72FB0300192857 /* DietDice_v2UITests */ = {
			isa = PBXFileSystemSynchronizedRootGroup;
			path = DietDice_v2UITests;
			sourceTree = "<group>";
		};
/* End PBXFileSystemSynchronizedRootGroup section */

/* Begin PBXFrameworksBuildPhase section */
		F06CC44C2D72FB0200192857 /* Frameworks */ = {
			isa = PBXFrameworksBuildPhase;
			buildActionMask = 2147483647;
			files = (
			);
			runOnlyForDeploymentPostprocessing = 0;
		};
		F06CC45C2D72FB0300192857 /* Frameworks */ = {
			isa = PBXFrameworksBuildPhase;
			buildActionMask = 2147483647;
			files = (
			);
			runOnlyForDeploymentPostprocessing = 0;
		};
		F06CC4662D72FB0300192857 /* Frameworks */ = {
			isa = PBXFrameworksBuildPhase;
			buildActionMask = 2147483647;
			files = (
			);
			runOnlyForDeploymentPostprocessing = 0;
		};
/* End PBXFrameworksBuildPhase section */

/* Begin PBXGroup section */
		F06CC4462D72FB0200192857 = {
			isa = PBXGroup;
			children = (
				F06CC4512D72FB0200192857 /* DietDice_v2 */,
				F06CC4622D72FB0300192857 /* DietDice_v2Tests */,
				F06CC46C2D72FB0300192857 /* DietDice_v2UITests */,
				F06CC4502D72FB0200192857 /* Products */,
			);
			sourceTree = "<group>";
		};
		F06CC4502D72FB0200192857 /* Products */ = {
			isa = PBXGroup;
			children = (
				F06CC44F2D72FB0200192857 /* DietDice_v2.app */,
				F06CC45F2D72FB0300192857 /* DietDice_v2Tests.xctest */,
				F06CC4692D72FB0300192857 /* DietDice_v2UITests.xctest */,
			);
			name = Products;
			sourceTree = "<group>";
		};
/* End PBXGroup section */

/* Begin PBXNativeTarget section */
		F06CC44E2D72FB0200192857 /* DietDice_v2 */ = {
			isa = PBXNativeTarget;
			buildConfigurationList = F06CC4732D72FB0300192857 /* Build configuration list for PBXNativeTarget "DietDice_v2" */;
			buildPhases = (
				F06CC44B2D72FB0200192857 /* Sources */,
				F06CC44C2D72FB0200192857 /* Frameworks */,
				F06CC44D2D72FB0200192857 /* Resources */,
			);
			buildRules = (
			);
			dependencies = (
			);
			fileSystemSynchronizedGroups = (
				F06CC4512D72FB0200192857 /* DietDice_v2 */,
			);
			name = DietDice_v2;
			packageProductDependencies = (
			);
			productName = DietDice_v2;
			productReference = F06CC44F2D72FB0200192857 /* DietDice_v2.app */;
			productType = "com.apple.product-type.application";
		};
		F06CC45E2D72FB0300192857 /* DietDice_v2Tests */ = {
			isa = PBXNativeTarget;
			buildConfigurationList = F06CC4762D72FB0300192857 /* Build configuration list for PBXNativeTarget "DietDice_v2Tests" */;
			buildPhases = (
				F06CC45B2D72FB0300192857 /* Sources */,
				F06CC45C2D72FB0300192857 /* Frameworks */,
				F06CC45D2D72FB0300192857 /* Resources */,
			);
			buildRules = (
			);
			dependencies = (
				F06CC4612D72FB0300192857 /* PBXTargetDependency */,
			);
			fileSystemSynchronizedGroups = (
				F06CC4622D72FB0300192857 /* DietDice_v2Tests */,
			);
			name = DietDice_v2Tests;
			packageProductDependencies = (
			);
			productName = DietDice_v2Tests;
			productReference = F06CC45F2D72FB0300192857 /* DietDice_v2Tests.xctest */;
			productType = "com.apple.product-type.bundle.unit-test";
		};
		F06CC4682D72FB0300192857 /* DietDice_v2UITests */ = {
			isa = PBXNativeTarget;
			buildConfigurationList = F06CC4792D72FB0300192857 /* Build configuration list for PBXNativeTarget "DietDice_v2UITests" */;
			buildPhases = (
				F06CC4652D72FB0300192857 /* Sources */,
				F06CC4662D72FB0300192857 /* Frameworks */,
				F06CC4672D72FB0300192857 /* Resources */,
			);
			buildRules = (
			);
			dependencies = (
				F06CC46B2D72FB0300192857 /* PBXTargetDependency */,
			);
			fileSystemSynchronizedGroups = (
				F06CC46C2D72FB0300192857 /* DietDice_v2UITests */,
			);
			name = DietDice_v2UITests;
			packageProductDependencies = (
			);
			productName = DietDice_v2UITests;
			productReference = F06CC4692D72FB0300192857 /* DietDice_v2UITests.xctest */;
			productType = "com.apple.product-type.bundle.ui-testing";
		};
/* End PBXNativeTarget section */

/* Begin PBXProject section */
		F06CC4472D72FB0200192857 /* Project object */ = {
			isa = PBXProject;
			attributes = {
				BuildIndependentTargetsInParallel = 1;
				LastSwiftUpdateCheck = 1620;
				LastUpgradeCheck = 1620;
				TargetAttributes = {
					F06CC44E2D72FB0200192857 = {
						CreatedOnToolsVersion = 16.2;
					};
					F06CC45E2D72FB0300192857 = {
						CreatedOnToolsVersion = 16.2;
						TestTargetID = F06CC44E2D72FB0200192857;
					};
					F06CC4682D72FB0300192857 = {
						CreatedOnToolsVersion = 16.2;
						TestTargetID = F06CC44E2D72FB0200192857;
					};
				};
			};
			buildConfigurationList = F06CC44A2D72FB0200192857 /* Build configuration list for PBXProject "DietDice_v2" */;
			developmentRegion = en;
			hasScannedForEncodings = 0;
			knownRegions = (
				en,
				Base,
			);
			mainGroup = F06CC4462D72FB0200192857;
			minimizedProjectReferenceProxies = 1;
			preferredProjectObjectVersion = 77;
			productRefGroup = F06CC4502D72FB0200192857 /* Products */;
			projectDirPath = "";
			projectRoot = "";
			targets = (
				F06CC44E2D72FB0200192857 /* DietDice_v2 */,
				F06CC45E2D72FB0300192857 /* DietDice_v2Tests */,
				F06CC4682D72FB0300192857 /* DietDice_v2UITests */,
			);
		};
/* End PBXProject section */

/* Begin PBXResourcesBuildPhase section */
		F06CC44D2D72FB0200192857 /* Resources */ = {
			isa = PBXResourcesBuildPhase;
			buildActionMask = 2147483647;
			files = (
			);
			runOnlyForDeploymentPostprocessing = 0;
		};
		F06CC45D2D72FB0300192857 /* Resources */ = {
			isa = PBXResourcesBuildPhase;
			buildActionMask = 2147483647;
			files = (
			);
			runOnlyForDeploymentPostprocessing = 0;
		};
		F06CC4672D72FB0300192857 /* Resources */ = {
			isa = PBXResourcesBuildPhase;
			buildActionMask = 2147483647;
			files = (
			);
			runOnlyForDeploymentPostprocessing = 0;
		};
/* End PBXResourcesBuildPhase section */

/* Begin PBXSourcesBuildPhase section */
		F06CC44B2D72FB0200192857 /* Sources */ = {
			isa = PBXSourcesBuildPhase;
			buildActionMask = 2147483647;
			files = (
			);
			runOnlyForDeploymentPostprocessing = 0;
		};
		F06CC45B2D72FB0300192857 /* Sources */ = {
			isa = PBXSourcesBuildPhase;
			buildActionMask = 2147483647;
			files = (
			);
			runOnlyForDeploymentPostprocessing = 0;
		};
		F06CC4652D72FB0300192857 /* Sources */ = {
			isa = PBXSourcesBuildPhase;
			buildActionMask = 2147483647;
			files = (
			);
			runOnlyForDeploymentPostprocessing = 0;
		};
/* End PBXSourcesBuildPhase section */

/* Begin PBXTargetDependency section */
		F06CC4612D72FB0300192857 /* PBXTargetDependency */ = {
			isa = PBXTargetDependency;
			target = F06CC44E2D72FB0200192857 /* DietDice_v2 */;
			targetProxy = F06CC4602D72FB0300192857 /* PBXContainerItemProxy */;
		};
		F06CC46B2D72FB0300192857 /* PBXTargetDependency */ = {
			isa = PBXTargetDependency;
			target = F06CC44E2D72FB0200192857 /* DietDice_v2 */;
			targetProxy = F06CC46A2D72FB0300192857 /* PBXContainerItemProxy */;
		};
/* End PBXTargetDependency section */

/* Begin XCBuildConfiguration section */
		F06CC4712D72FB0300192857 /* Debug */ = {
			isa = XCBuildConfiguration;
			buildSettings = {
				ALWAYS_SEARCH_USER_PATHS = NO;
				ASSETCATALOG_COMPILER_GENERATE_SWIFT_ASSET_SYMBOL_EXTENSIONS = YES;
				CLANG_ANALYZER_NONNULL = YES;
				CLANG_ANALYZER_NUMBER_OBJECT_CONVERSION = YES_AGGRESSIVE;
				CLANG_CXX_LANGUAGE_STANDARD = "gnu++20";
				CLANG_ENABLE_MODULES = YES;
				CLANG_ENABLE_OBJC_ARC = YES;
				CLANG_ENABLE_OBJC_WEAK = YES;
				CLANG_WARN_BLOCK_CAPTURE_AUTORELEASING = YES;
				CLANG_WARN_BOOL_CONVERSION = YES;
				CLANG_WARN_COMMA = YES;
				CLANG_WARN_CONSTANT_CONVERSION = YES;
				CLANG_WARN_DEPRECATED_OBJC_IMPLEMENTATIONS = YES;
				CLANG_WARN_DIRECT_OBJC_ISA_USAGE = YES_ERROR;
				CLANG_WARN_DOCUMENTATION_COMMENTS = YES;
				CLANG_WARN_EMPTY_BODY = YES;
				CLANG_WARN_ENUM_CONVERSION = YES;
				CLANG_WARN_INFINITE_RECURSION = YES;
				CLANG_WARN_INT_CONVERSION = YES;
				CLANG_WARN_NON_LITERAL_NULL_CONVERSION = YES;
				CLANG_WARN_OBJC_IMPLICIT_RETAIN_SELF = YES;
				CLANG_WARN_OBJC_LITERAL_CONVERSION = YES;
				CLANG_WARN_OBJC_ROOT_CLASS = YES_ERROR;
				CLANG_WARN_QUOTED_INCLUDE_IN_FRAMEWORK_HEADER = YES;
				CLANG_WARN_RANGE_LOOP_ANALYSIS = YES;
				CLANG_WARN_STRICT_PROTOTYPES = YES;
				CLANG_WARN_SUSPICIOUS_MOVE = YES;
				CLANG_WARN_UNGUARDED_AVAILABILITY = YES_AGGRESSIVE;
				CLANG_WARN_UNREACHABLE_CODE = YES;
				CLANG_WARN__DUPLICATE_METHOD_MATCH = YES;
				COPY_PHASE_STRIP = NO;
				DEBUG_INFORMATION_FORMAT = dwarf;
				ENABLE_STRICT_OBJC_MSGSEND = YES;
				ENABLE_TESTABILITY = YES;
				ENABLE_USER_SCRIPT_SANDBOXING = YES;
				GCC_C_LANGUAGE_STANDARD = gnu17;
				GCC_DYNAMIC_NO_PIC = NO;
				GCC_NO_COMMON_BLOCKS = YES;
				GCC_OPTIMIZATION_LEVEL = 0;
				GCC_PREPROCESSOR_DEFINITIONS = (
					"DEBUG=1",
					"$(inherited)",
				);
				GCC_WARN_64_TO_32_BIT_CONVERSION = YES;
				GCC_WARN_ABOUT_RETURN_TYPE = YES_ERROR;
				GCC_WARN_UNDECLARED_SELECTOR = YES;
				GCC_WARN_UNINITIALIZED_AUTOS = YES_AGGRESSIVE;
				GCC_WARN_UNUSED_FUNCTION = YES;
				GCC_WARN_UNUSED_VARIABLE = YES;
				IPHONEOS_DEPLOYMENT_TARGET = 18.2;
				LOCALIZATION_PREFERS_STRING_CATALOGS = YES;
				MTL_ENABLE_DEBUG_INFO = INCLUDE_SOURCE;
				MTL_FAST_MATH = YES;
				ONLY_ACTIVE_ARCH = YES;
				SDKROOT = iphoneos;
				SWIFT_ACTIVE_COMPILATION_CONDITIONS = "DEBUG $(inherited)";
				SWIFT_OPTIMIZATION_LEVEL = "-Onone";
			};
			name = Debug;
		};
		F06CC4722D72FB0300192857 /* Release */ = {
			isa = XCBuildConfiguration;
			buildSettings = {
				ALWAYS_SEARCH_USER_PATHS = NO;
				ASSETCATALOG_COMPILER_GENERATE_SWIFT_ASSET_SYMBOL_EXTENSIONS = YES;
				CLANG_ANALYZER_NONNULL = YES;
				CLANG_ANALYZER_NUMBER_OBJECT_CONVERSION = YES_AGGRESSIVE;
				CLANG_CXX_LANGUAGE_STANDARD = "gnu++20";
				CLANG_ENABLE_MODULES = YES;
				CLANG_ENABLE_OBJC_ARC = YES;
				CLANG_ENABLE_OBJC_WEAK = YES;
				CLANG_WARN_BLOCK_CAPTURE_AUTORELEASING = YES;
				CLANG_WARN_BOOL_CONVERSION = YES;
				CLANG_WARN_COMMA = YES;
				CLANG_WARN_CONSTANT_CONVERSION = YES;
				CLANG_WARN_DEPRECATED_OBJC_IMPLEMENTATIONS = YES;
				CLANG_WARN_DIRECT_OBJC_ISA_USAGE = YES_ERROR;
				CLANG_WARN_DOCUMENTATION_COMMENTS = YES;
				CLANG_WARN_EMPTY_BODY = YES;
				CLANG_WARN_ENUM_CONVERSION = YES;
				CLANG_WARN_INFINITE_RECURSION = YES;
				CLANG_WARN_INT_CONVERSION = YES;
				CLANG_WARN_NON_LITERAL_NULL_CONVERSION = YES;
				CLANG_WARN_OBJC_IMPLICIT_RETAIN_SELF = YES;
				CLANG_WARN_OBJC_LITERAL_CONVERSION = YES;
				CLANG_WARN_OBJC_ROOT_CLASS = YES_ERROR;
				CLANG_WARN_QUOTED_INCLUDE_IN_FRAMEWORK_HEADER = YES;
				CLANG_WARN_RANGE_LOOP_ANALYSIS = YES;
				CLANG_WARN_STRICT_PROTOTYPES = YES;
				CLANG_WARN_SUSPICIOUS_MOVE = YES;
				CLANG_WARN_UNGUARDED_AVAILABILITY = YES_AGGRESSIVE;
				CLANG_WARN_UNREACHABLE_CODE = YES;
				CLANG_WARN__DUPLICATE_METHOD_MATCH = YES;
				COPY_PHASE_STRIP = NO;
				DEBUG_INFORMATION_FORMAT = "dwarf-with-dsym";
				ENABLE_NS_ASSERTIONS = NO;
				ENABLE_STRICT_OBJC_MSGSEND = YES;
				ENABLE_USER_SCRIPT_SANDBOXING = YES;
				GCC_C_LANGUAGE_STANDARD = gnu17;
				GCC_NO_COMMON_BLOCKS = YES;
				GCC_WARN_64_TO_32_BIT_CONVERSION = YES;
				GCC_WARN_ABOUT_RETURN_TYPE = YES_ERROR;
				GCC_WARN_UNDECLARED_SELECTOR = YES;
				GCC_WARN_UNINITIALIZED_AUTOS = YES_AGGRESSIVE;
				GCC_WARN_UNUSED_FUNCTION = YES;
				GCC_WARN_UNUSED_VARIABLE = YES;
				IPHONEOS_DEPLOYMENT_TARGET = 18.2;
				LOCALIZATION_PREFERS_STRING_CATALOGS = YES;
				MTL_ENABLE_DEBUG_INFO = NO;
				MTL_FAST_MATH = YES;
				SDKROOT = iphoneos;
				SWIFT_COMPILATION_MODE = wholemodule;
				VALIDATE_PRODUCT = YES;
			};
			name = Release;
		};
		F06CC4742D72FB0300192857 /* Debug */ = {
			isa = XCBuildConfiguration;
			buildSettings = {
				ASSETCATALOG_COMPILER_APPICON_NAME = AppIcon;
				ASSETCATALOG_COMPILER_GLOBAL_ACCENT_COLOR_NAME = AccentColor;
				CODE_SIGN_STYLE = Automatic;
				CURRENT_PROJECT_VERSION = 1;
				DEVELOPMENT_ASSET_PATHS = "\"DietDice_v2/Preview Content\"";
				ENABLE_PREVIEWS = YES;
				GENERATE_INFOPLIST_FILE = YES;
				INFOPLIST_KEY_UIApplicationSceneManifest_Generation = YES;
				INFOPLIST_KEY_UIApplicationSupportsIndirectInputEvents = YES;
				INFOPLIST_KEY_UILaunchScreen_Generation = YES;
				INFOPLIST_KEY_UISupportedInterfaceOrientations_iPad = "UIInterfaceOrientationPortrait UIInterfaceOrientationPortraitUpsideDown UIInterfaceOrientationLandscapeLeft UIInterfaceOrientationLandscapeRight";
				INFOPLIST_KEY_UISupportedInterfaceOrientations_iPhone = "UIInterfaceOrientationPortrait UIInterfaceOrientationLandscapeLeft UIInterfaceOrientationLandscapeRight";
				LD_RUNPATH_SEARCH_PATHS = (
					"$(inherited)",
					"@executable_path/Frameworks",
				);
				MARKETING_VERSION = 1.0;
				PRODUCT_BUNDLE_IDENTIFIER = "com.dairouwang.DietDice-v2";
				PRODUCT_NAME = "$(TARGET_NAME)";
				SWIFT_EMIT_LOC_STRINGS = YES;
				SWIFT_VERSION = 5.0;
				TARGETED_DEVICE_FAMILY = "1,2";
			};
			name = Debug;
		};
		F06CC4752D72FB0300192857 /* Release */ = {
			isa = XCBuildConfiguration;
			buildSettings = {
				ASSETCATALOG_COMPILER_APPICON_NAME = AppIcon;
				ASSETCATALOG_COMPILER_GLOBAL_ACCENT_COLOR_NAME = AccentColor;
				CODE_SIGN_STYLE = Automatic;
				CURRENT_PROJECT_VERSION = 1;
				DEVELOPMENT_ASSET_PATHS = "\"DietDice_v2/Preview Content\"";
				ENABLE_PREVIEWS = YES;
				GENERATE_INFOPLIST_FILE = YES;
				INFOPLIST_KEY_UIApplicationSceneManifest_Generation = YES;
				INFOPLIST_KEY_UIApplicationSupportsIndirectInputEvents = YES;
				INFOPLIST_KEY_UILaunchScreen_Generation = YES;
				INFOPLIST_KEY_UISupportedInterfaceOrientations_iPad = "UIInterfaceOrientationPortrait UIInterfaceOrientationPortraitUpsideDown UIInterfaceOrientationLandscapeLeft UIInterfaceOrientationLandscapeRight";
				INFOPLIST_KEY_UISupportedInterfaceOrientations_iPhone = "UIInterfaceOrientationPortrait UIInterfaceOrientationLandscapeLeft UIInterfaceOrientationLandscapeRight";
				LD_RUNPATH_SEARCH_PATHS = (
					"$(inherited)",
					"@executable_path/Frameworks",
				);
				MARKETING_VERSION = 1.0;
				PRODUCT_BUNDLE_IDENTIFIER = "com.dairouwang.DietDice-v2";
				PRODUCT_NAME = "$(TARGET_NAME)";
				SWIFT_EMIT_LOC_STRINGS = YES;
				SWIFT_VERSION = 5.0;
				TARGETED_DEVICE_FAMILY = "1,2";
			};
			name = Release;
		};
		F06CC4772D72FB0300192857 /* Debug */ = {
			isa = XCBuildConfiguration;
			buildSettings = {
				BUNDLE_LOADER = "$(TEST_HOST)";
				CODE_SIGN_STYLE = Automatic;
				CURRENT_PROJECT_VERSION = 1;
				GENERATE_INFOPLIST_FILE = YES;
				IPHONEOS_DEPLOYMENT_TARGET = 18.2;
				MARKETING_VERSION = 1.0;
				PRODUCT_BUNDLE_IDENTIFIER = "com.dairouwang.DietDice-v2Tests";
				PRODUCT_NAME = "$(TARGET_NAME)";
				SWIFT_EMIT_LOC_STRINGS = NO;
				SWIFT_VERSION = 5.0;
				TARGETED_DEVICE_FAMILY = "1,2";
				TEST_HOST = "$(BUILT_PRODUCTS_DIR)/DietDice_v2.app/$(BUNDLE_EXECUTABLE_FOLDER_PATH)/DietDice_v2";
			};
			name = Debug;
		};
		F06CC4782D72FB0300192857 /* Release */ = {
			isa = XCBuildConfiguration;
			buildSettings = {
				BUNDLE_LOADER = "$(TEST_HOST)";
				CODE_SIGN_STYLE = Automatic;
				CURRENT_PROJECT_VERSION = 1;
				GENERATE_INFOPLIST_FILE = YES;
				IPHONEOS_DEPLOYMENT_TARGET = 18.2;
				MARKETING_VERSION = 1.0;
				PRODUCT_BUNDLE_IDENTIFIER = "com.dairouwang.DietDice-v2Tests";
				PRODUCT_NAME = "$(TARGET_NAME)";
				SWIFT_EMIT_LOC_STRINGS = NO;
				SWIFT_VERSION = 5.0;
				TARGETED_DEVICE_FAMILY = "1,2";
				TEST_HOST = "$(BUILT_PRODUCTS_DIR)/DietDice_v2.app/$(BUNDLE_EXECUTABLE_FOLDER_PATH)/DietDice_v2";
			};
			name = Release;
		};
		F06CC47A2D72FB0300192857 /* Debug */ = {
			isa = XCBuildConfiguration;
			buildSettings = {
				CODE_SIGN_STYLE = Automatic;
				CURRENT_PROJECT_VERSION = 1;
				GENERATE_INFOPLIST_FILE = YES;
				MARKETING_VERSION = 1.0;
				PRODUCT_BUNDLE_IDENTIFIER = "com.dairouwang.DietDice-v2UITests";
				PRODUCT_NAME = "$(TARGET_NAME)";
				SWIFT_EMIT_LOC_STRINGS = NO;
				SWIFT_VERSION = 5.0;
				TARGETED_DEVICE_FAMILY = "1,2";
				TEST_TARGET_NAME = DietDice_v2;
			};
			name = Debug;
		};
		F06CC47B2D72FB0300192857 /* Release */ = {
			isa = XCBuildConfiguration;
			buildSettings = {
				CODE_SIGN_STYLE = Automatic;
				CURRENT_PROJECT_VERSION = 1;
				GENERATE_INFOPLIST_FILE = YES;
				MARKETING_VERSION = 1.0;
				PRODUCT_BUNDLE_IDENTIFIER = "com.dairouwang.DietDice-v2UITests";
				PRODUCT_NAME = "$(TARGET_NAME)";
				SWIFT_EMIT_LOC_STRINGS = NO;
				SWIFT_VERSION = 5.0;
				TARGETED_DEVICE_FAMILY = "1,2";
				TEST_TARGET_NAME = DietDice_v2;
			};
			name = Release;
		};
/* End XCBuildConfiguration section */

/* Begin XCConfigurationList section */
		F06CC44A2D72FB0200192857 /* Build configuration list for PBXProject "DietDice_v2" */ = {
			isa = XCConfigurationList;
			buildConfigurations = (
				F06CC4712D72FB0300192857 /* Debug */,
				F06CC4722D72FB0300192857 /* Release */,
			);
			defaultConfigurationIsVisible = 0;
			defaultConfigurationName = Release;
		};
		F06CC4732D72FB0300192857 /* Build configuration list for PBXNativeTarget "DietDice_v2" */ = {
			isa = XCConfigurationList;
			buildConfigurations = (
				F06CC4742D72FB0300192857 /* Debug */,
				F06CC4752D72FB0300192857 /* Release */,
			);
			defaultConfigurationIsVisible = 0;
			defaultConfigurationName = Release;
		};
		F06CC4762D72FB0300192857 /* Build configuration list for PBXNativeTarget "DietDice_v2Tests" */ = {
			isa = XCConfigurationList;
			buildConfigurations = (
				F06CC4772D72FB0300192857 /* Debug */,
				F06CC4782D72FB0300192857 /* Release */,
			);
			defaultConfigurationIsVisible = 0;
			defaultConfigurationName = Release;
		};
		F06CC4792D72FB0300192857 /* Build configuration list for PBXNativeTarget "DietDice_v2UITests" */ = {
			isa = XCConfigurationList;
			buildConfigurations = (
				F06CC47A2D72FB0300192857 /* Debug */,
				F06CC47B2D72FB0300192857 /* Release */,
			);
			defaultConfigurationIsVisible = 0;
			defaultConfigurationName = Release;
		};
/* End XCConfigurationList section */
	};
	rootObject = F06CC4472D72FB0200192857 /* Project object */;
}
